<?xml version="1.0" encoding="utf-8"?>
<Project ToolsVersion="4.0" xmlns="http://schemas.microsoft.com/developer/msbuild/2003">
  <ItemGroup>
    <Filter Include="Source Files">
      <UniqueIdentifier>{4FC737F1-C7A5-4376-A066-2A32D752A2FF}</UniqueIdentifier>
      <Extensions>cpp;c;cc;cxx;def;odl;idl;hpj;bat;asm;asmx</Extensions>
    </Filter>
    <Filter Include="Header Files">
      <UniqueIdentifier>{93995380-89BD-4b04-88EB-625FBE52EBFB}</UniqueIdentifier>
      <Extensions>h;hh;hpp;hxx;hm;inl;inc;xsd</Extensions>
    </Filter>
    <Filter Include="Resource Files">
      <UniqueIdentifier>{67DA6AB6-F800-4c08-8B7A-83BB121AAD01}</UniqueIdentifier>
      <Extensions>rc;ico;cur;bmp;dlg;rc2;rct;bin;rgs;gif;jpg;jpeg;jpe;resx;tiff;tif;png;wav;mfcribbon-ms</Extensions>
    </Filter>
  </ItemGroup>
  <ItemGroup>
    <None Include="FontFlasher.ino" />
    <None Include="Max7456.ino" />
    <None Include="Menu_Config.ino" />
    <None Include="Protocol.ino" />
    <None Include="RTC6705.ino" />
  </ItemGroup>
  <ItemGroup>
    <ClInclude Include="__vm\.FontFlasher.vsarduino.h">
      <Filter>Header Files</Filter>
    </ClInclude>
    <ClInclude Include="CMeanFilter.h">
      <Filter>Header Files</Filter>
    </ClInclude>
    <ClInclude Include="Config.h">
      <Filter>Header Files</Filter>
    </ClInclude>
    <ClInclude Include="CSettings.h">
      <Filter>Header Files</Filter>
    </ClInclude>
    <ClInclude Include="CStickInput.h">
      <Filter>Header Files</Filter>
    </ClInclude>
    <ClInclude Include="fixFont.h">
      <Filter>Header Files</Filter>
    </ClInclude>
    <ClInclude Include="fontCompressedV2.h">
      <Filter>Header Files</Filter>
    </ClInclude>
    <ClInclude Include="MAX7456.h">
      <Filter>Header Files</Filter>
    </ClInclude>
    <ClInclude Include="Max7456Config.h">
      <Filter>Header Files</Filter>
    </ClInclude>
    <ClInclude Include="MyMax7456.h">
      <Filter>Header Files</Filter>
    </ClInclude>
    <ClInclude Include="SerialPort.h">
      <Filter>Header Files</Filter>
    </ClInclude>
  </ItemGroup>
  <ItemGroup>
    <ClCompile Include="CMeanFilter.cpp">
      <Filter>Source Files</Filter>
    </ClCompile>
    <ClCompile Include="CSettings.cpp">
      <Filter>Source Files</Filter>
    </ClCompile>
    <ClCompile Include="CStickInput.cpp">
      <Filter>Source Files</Filter>
    </ClCompile>
    <ClCompile Include="fixFont.cpp">
      <Filter>Source Files</Filter>
    </ClCompile>
    <ClCompile Include="MAX7456.cpp">
      <Filter>Source Files</Filter>
    </ClCompile>
    <ClCompile Include="Max7456Config.cpp">
      <Filter>Source Files</Filter>
    </ClCompile>
    <ClCompile Include="MyMax7456.cpp">
      <Filter>Source Files</Filter>
    </ClCompile>
    <ClCompile Include="SerialPort.cpp">
      <Filter>Source Files</Filter>
    </ClCompile>
  </ItemGroup>
</Project>